// !$*UTF8*$!
{
	archiveVersion = 1;
	classes = {
	};
	objectVersion = 50;
	objects = {

/* Begin PBXBuildFile section */
		A5603E0223ECAE3A0090E90E /* AppDelegate.swift in Sources */ = {isa = PBXBuildFile; fileRef = A5603E0123ECAE3A0090E90E /* AppDelegate.swift */; };
		A5603E0423ECAE3A0090E90E /* SceneDelegate.swift in Sources */ = {isa = PBXBuildFile; fileRef = A5603E0323ECAE3A0090E90E /* SceneDelegate.swift */; };
		A5603E0C23ECAE3A0090E90E /* TruViewHomePage.xcdatamodeld in Sources */ = {isa = PBXBuildFile; fileRef = A5603E0A23ECAE3A0090E90E /* TruViewHomePage.xcdatamodeld */; };
		A5603E0E23ECAE3F0090E90E /* Assets.xcassets in Resources */ = {isa = PBXBuildFile; fileRef = A5603E0D23ECAE3F0090E90E /* Assets.xcassets */; };
		A5603E1123ECAE3F0090E90E /* LaunchScreen.storyboard in Resources */ = {isa = PBXBuildFile; fileRef = A5603E0F23ECAE3F0090E90E /* LaunchScreen.storyboard */; };
		A5603E1C23ECAE3F0090E90E /* TruViewHomePageTests.swift in Sources */ = {isa = PBXBuildFile; fileRef = A5603E1B23ECAE3F0090E90E /* TruViewHomePageTests.swift */; };
		A5603E2923ECB0F80090E90E /* HomePageVC.swift in Sources */ = {isa = PBXBuildFile; fileRef = A5603E2823ECB0F80090E90E /* HomePageVC.swift */; };
/* End PBXBuildFile section */

/* Begin PBXContainerItemProxy section */
		A5603E1823ECAE3F0090E90E /* PBXContainerItemProxy */ = {
			isa = PBXContainerItemProxy;
			containerPortal = A5603DF623ECAE3A0090E90E /* Project object */;
			proxyType = 1;
			remoteGlobalIDString = A5603DFD23ECAE3A0090E90E;
			remoteInfo = TruViewHomePage;
		};
/* End PBXContainerItemProxy section */

/* Begin PBXFileReference section */
		A5603DFE23ECAE3A0090E90E /* TruViewHomePage.app */ = {isa = PBXFileReference; explicitFileType = wrapper.application; includeInIndex = 0; path = TruViewHomePage.app; sourceTree = BUILT_PRODUCTS_DIR; };
		A5603E0123ECAE3A0090E90E /* AppDelegate.swift */ = {isa = PBXFileReference; lastKnownFileType = sourcecode.swift; path = AppDelegate.swift; sourceTree = "<group>"; };
		A5603E0323ECAE3A0090E90E /* SceneDelegate.swift */ = {isa = PBXFileReference; lastKnownFileType = sourcecode.swift; path = SceneDelegate.swift; sourceTree = "<group>"; };
		A5603E0B23ECAE3A0090E90E /* TruViewHomePage.xcdatamodel */ = {isa = PBXFileReference; lastKnownFileType = wrapper.xcdatamodel; path = TruViewHomePage.xcdatamodel; sourceTree = "<group>"; };
		A5603E0D23ECAE3F0090E90E /* Assets.xcassets */ = {isa = PBXFileReference; lastKnownFileType = folder.assetcatalog; path = Assets.xcassets; sourceTree = "<group>"; };
		A5603E1023ECAE3F0090E90E /* Base */ = {isa = PBXFileReference; lastKnownFileType = file.storyboard; name = Base; path = Base.lproj/LaunchScreen.storyboard; sourceTree = "<group>"; };
		A5603E1223ECAE3F0090E90E /* Info.plist */ = {isa = PBXFileReference; lastKnownFileType = text.plist.xml; path = Info.plist; sourceTree = "<group>"; };
		A5603E1723ECAE3F0090E90E /* TruViewHomePageTests.xctest */ = {isa = PBXFileReference; explicitFileType = wrapper.cfbundle; includeInIndex = 0; path = TruViewHomePageTests.xctest; sourceTree = BUILT_PRODUCTS_DIR; };
		A5603E1B23ECAE3F0090E90E /* TruViewHomePageTests.swift */ = {isa = PBXFileReference; lastKnownFileType = sourcecode.swift; path = TruViewHomePageTests.swift; sourceTree = "<group>"; };
		A5603E1D23ECAE3F0090E90E /* Info.plist */ = {isa = PBXFileReference; lastKnownFileType = text.plist.xml; path = Info.plist; sourceTree = "<group>"; };
		A5603E2823ECB0F80090E90E /* HomePageVC.swift */ = {isa = PBXFileReference; lastKnownFileType = sourcecode.swift; path = HomePageVC.swift; sourceTree = "<group>"; };
/* End PBXFileReference section */

/* Begin PBXFrameworksBuildPhase section */
		A5603DFB23ECAE3A0090E90E /* Frameworks */ = {
			isa = PBXFrameworksBuildPhase;
			buildActionMask = 2147483647;
			files = (
			);
			runOnlyForDeploymentPostprocessing = 0;
		};
		A5603E1423ECAE3F0090E90E /* Frameworks */ = {
			isa = PBXFrameworksBuildPhase;
			buildActionMask = 2147483647;
			files = (
			);
			runOnlyForDeploymentPostprocessing = 0;
		};
/* End PBXFrameworksBuildPhase section */

/* Begin PBXGroup section */
		A5603DF523ECAE3A0090E90E = {
			isa = PBXGroup;
			children = (
				A5603E0023ECAE3A0090E90E /* TruViewHomePage */,
				A5603E1A23ECAE3F0090E90E /* TruViewHomePageTests */,
				A5603DFF23ECAE3A0090E90E /* Products */,
			);
			sourceTree = "<group>";
		};
		A5603DFF23ECAE3A0090E90E /* Products */ = {
			isa = PBXGroup;
			children = (
				A5603DFE23ECAE3A0090E90E /* TruViewHomePage.app */,
				A5603E1723ECAE3F0090E90E /* TruViewHomePageTests.xctest */,
			);
			name = Products;
			sourceTree = "<group>";
		};
		A5603E0023ECAE3A0090E90E /* TruViewHomePage */ = {
			isa = PBXGroup;
			children = (
				A5603E2623ECAFC70090E90E /* SupportingFiles */,
				A5603E2723ECB08A0090E90E /* Controllers */,
				A5603E0D23ECAE3F0090E90E /* Assets.xcassets */,
				A5603E1223ECAE3F0090E90E /* Info.plist */,
				A5603E0A23ECAE3A0090E90E /* TruViewHomePage.xcdatamodeld */,
			);
			path = TruViewHomePage;
			sourceTree = "<group>";
		};
		A5603E1A23ECAE3F0090E90E /* TruViewHomePageTests */ = {
			isa = PBXGroup;
			children = (
				A5603E1B23ECAE3F0090E90E /* TruViewHomePageTests.swift */,
				A5603E1D23ECAE3F0090E90E /* Info.plist */,
			);
			path = TruViewHomePageTests;
			sourceTree = "<group>";
		};
		A5603E2623ECAFC70090E90E /* SupportingFiles */ = {
			isa = PBXGroup;
			children = (
				A5603E0123ECAE3A0090E90E /* AppDelegate.swift */,
				A5603E0323ECAE3A0090E90E /* SceneDelegate.swift */,
				A5603E0F23ECAE3F0090E90E /* LaunchScreen.storyboard */,
			);
			path = SupportingFiles;
			sourceTree = "<group>";
		};
		A5603E2723ECB08A0090E90E /* Controllers */ = {
			isa = PBXGroup;
			children = (
				A5603E2823ECB0F80090E90E /* HomePageVC.swift */,
			);
			path = Controllers;
			sourceTree = "<group>";
		};
/* End PBXGroup section */

/* Begin PBXNativeTarget section */
		A5603DFD23ECAE3A0090E90E /* TruViewHomePage */ = {
			isa = PBXNativeTarget;
			buildConfigurationList = A5603E2023ECAE3F0090E90E /* Build configuration list for PBXNativeTarget "TruViewHomePage" */;
			buildPhases = (
				A5603DFA23ECAE3A0090E90E /* Sources */,
				A5603DFB23ECAE3A0090E90E /* Frameworks */,
				A5603DFC23ECAE3A0090E90E /* Resources */,
			);
			buildRules = (
			);
			dependencies = (
			);
			name = TruViewHomePage;
			productName = TruViewHomePage;
			productReference = A5603DFE23ECAE3A0090E90E /* TruViewHomePage.app */;
			productType = "com.apple.product-type.application";
		};
		A5603E1623ECAE3F0090E90E /* TruViewHomePageTests */ = {
			isa = PBXNativeTarget;
			buildConfigurationList = A5603E2323ECAE3F0090E90E /* Build configuration list for PBXNativeTarget "TruViewHomePageTests" */;
			buildPhases = (
				A5603E1323ECAE3F0090E90E /* Sources */,
				A5603E1423ECAE3F0090E90E /* Frameworks */,
				A5603E1523ECAE3F0090E90E /* Resources */,
			);
			buildRules = (
			);
			dependencies = (
				A5603E1923ECAE3F0090E90E /* PBXTargetDependency */,
			);
			name = TruViewHomePageTests;
			productName = TruViewHomePageTests;
			productReference = A5603E1723ECAE3F0090E90E /* TruViewHomePageTests.xctest */;
			productType = "com.apple.product-type.bundle.unit-test";
		};
/* End PBXNativeTarget section */

/* Begin PBXProject section */
		A5603DF623ECAE3A0090E90E /* Project object */ = {
			isa = PBXProject;
			attributes = {
				LastSwiftUpdateCheck = 1130;
				LastUpgradeCheck = 1130;
				ORGANIZATIONNAME = "Liana Norman";
				TargetAttributes = {
					A5603DFD23ECAE3A0090E90E = {
						CreatedOnToolsVersion = 11.3.1;
					};
					A5603E1623ECAE3F0090E90E = {
						CreatedOnToolsVersion = 11.3.1;
						TestTargetID = A5603DFD23ECAE3A0090E90E;
					};
				};
			};
			buildConfigurationList = A5603DF923ECAE3A0090E90E /* Build configuration list for PBXProject "TruViewHomePage" */;
			compatibilityVersion = "Xcode 9.3";
			developmentRegion = en;
			hasScannedForEncodings = 0;
			knownRegions = (
				en,
				Base,
			);
			mainGroup = A5603DF523ECAE3A0090E90E;
			productRefGroup = A5603DFF23ECAE3A0090E90E /* Products */;
			projectDirPath = "";
			projectRoot = "";
			targets = (
				A5603DFD23ECAE3A0090E90E /* TruViewHomePage */,
				A5603E1623ECAE3F0090E90E /* TruViewHomePageTests */,
			);
		};
/* End PBXProject section */

/* Begin PBXResourcesBuildPhase section */
		A5603DFC23ECAE3A0090E90E /* Resources */ = {
			isa = PBXResourcesBuildPhase;
			buildActionMask = 2147483647;
			files = (
				A5603E1123ECAE3F0090E90E /* LaunchScreen.storyboard in Resources */,
				A5603E0E23ECAE3F0090E90E /* Assets.xcassets in Resources */,
			);
			runOnlyForDeploymentPostprocessing = 0;
		};
		A5603E1523ECAE3F0090E90E /* Resources */ = {
			isa = PBXResourcesBuildPhase;
			buildActionMask = 2147483647;
			files = (
			);
			runOnlyForDeploymentPostprocessing = 0;
		};
/* End PBXResourcesBuildPhase section */

/* Begin PBXSourcesBuildPhase section */
		A5603DFA23ECAE3A0090E90E /* Sources */ = {
			isa = PBXSourcesBuildPhase;
			buildActionMask = 2147483647;
			files = (
				A5603E0C23ECAE3A0090E90E /* TruViewHomePage.xcdatamodeld in Sources */,
				A5603E0223ECAE3A0090E90E /* AppDelegate.swift in Sources */,
				A5603E2923ECB0F80090E90E /* HomePageVC.swift in Sources */,
				A5603E0423ECAE3A0090E90E /* SceneDelegate.swift in Sources */,
			);
			runOnlyForDeploymentPostprocessing = 0;
		};
		A5603E1323ECAE3F0090E90E /* Sources */ = {
			isa = PBXSourcesBuildPhase;
			buildActionMask = 2147483647;
			files = (
				A5603E1C23ECAE3F0090E90E /* TruViewHomePageTests.swift in Sources */,
			);
			runOnlyForDeploymentPostprocessing = 0;
		};
/* End PBXSourcesBuildPhase section */

/* Begin PBXTargetDependency section */
		A5603E1923ECAE3F0090E90E /* PBXTargetDependency */ = {
			isa = PBXTargetDependency;
			target = A5603DFD23ECAE3A0090E90E /* TruViewHomePage */;
			targetProxy = A5603E1823ECAE3F0090E90E /* PBXContainerItemProxy */;
		};
/* End PBXTargetDependency section */

/* Begin PBXVariantGroup section */
		A5603E0F23ECAE3F0090E90E /* LaunchScreen.storyboard */ = {
			isa = PBXVariantGroup;
			children = (
				A5603E1023ECAE3F0090E90E /* Base */,
			);
			name = LaunchScreen.storyboard;
			sourceTree = "<group>";
		};
/* End PBXVariantGroup section */

/* Begin XCBuildConfiguration section */
		A5603E1E23ECAE3F0090E90E /* Debug */ = {
			isa = XCBuildConfiguration;
			buildSettings = {
				ALWAYS_SEARCH_USER_PATHS = NO;
				CLANG_ANALYZER_NONNULL = YES;
				CLANG_ANALYZER_NUMBER_OBJECT_CONVERSION = YES_AGGRESSIVE;
				CLANG_CXX_LANGUAGE_STANDARD = "gnu++14";
				CLANG_CXX_LIBRARY = "libc++";
				CLANG_ENABLE_MODULES = YES;
				CLANG_ENABLE_OBJC_ARC = YES;
				CLANG_ENABLE_OBJC_WEAK = YES;
				CLANG_WARN_BLOCK_CAPTURE_AUTORELEASING = YES;
				CLANG_WARN_BOOL_CONVERSION = YES;
				CLANG_WARN_COMMA = YES;
				CLANG_WARN_CONSTANT_CONVERSION = YES;
				CLANG_WARN_DEPRECATED_OBJC_IMPLEMENTATIONS = YES;
				CLANG_WARN_DIRECT_OBJC_ISA_USAGE = YES_ERROR;
				CLANG_WARN_DOCUMENTATION_COMMENTS = YES;
				CLANG_WARN_EMPTY_BODY = YES;
				CLANG_WARN_ENUM_CONVERSION = YES;
				CLANG_WARN_INFINITE_RECURSION = YES;
				CLANG_WARN_INT_CONVERSION = YES;
				CLANG_WARN_NON_LITERAL_NULL_CONVERSION = YES;
				CLANG_WARN_OBJC_IMPLICIT_RETAIN_SELF = YES;
				CLANG_WARN_OBJC_LITERAL_CONVERSION = YES;
				CLANG_WARN_OBJC_ROOT_CLASS = YES_ERROR;
				CLANG_WARN_RANGE_LOOP_ANALYSIS = YES;
				CLANG_WARN_STRICT_PROTOTYPES = YES;
				CLANG_WARN_SUSPICIOUS_MOVE = YES;
				CLANG_WARN_UNGUARDED_AVAILABILITY = YES_AGGRESSIVE;
				CLANG_WARN_UNREACHABLE_CODE = YES;
				CLANG_WARN__DUPLICATE_METHOD_MATCH = YES;
				COPY_PHASE_STRIP = NO;
				DEBUG_INFORMATION_FORMAT = dwarf;
				ENABLE_STRICT_OBJC_MSGSEND = YES;
				ENABLE_TESTABILITY = YES;
				GCC_C_LANGUAGE_STANDARD = gnu11;
				GCC_DYNAMIC_NO_PIC = NO;
				GCC_NO_COMMON_BLOCKS = YES;
				GCC_OPTIMIZATION_LEVEL = 0;
				GCC_PREPROCESSOR_DEFINITIONS = (
					"DEBUG=1",
					"$(inherited)",
				);
				GCC_WARN_64_TO_32_BIT_CONVERSION = YES;
				GCC_WARN_ABOUT_RETURN_TYPE = YES_ERROR;
				GCC_WARN_UNDECLARED_SELECTOR = YES;
				GCC_WARN_UNINITIALIZED_AUTOS = YES_AGGRESSIVE;
				GCC_WARN_UNUSED_FUNCTION = YES;
				GCC_WARN_UNUSED_VARIABLE = YES;
				IPHONEOS_DEPLOYMENT_TARGET = 13.2;
				MTL_ENABLE_DEBUG_INFO = INCLUDE_SOURCE;
				MTL_FAST_MATH = YES;
				ONLY_ACTIVE_ARCH = YES;
				SDKROOT = iphoneos;
				SWIFT_ACTIVE_COMPILATION_CONDITIONS = DEBUG;
				SWIFT_OPTIMIZATION_LEVEL = "-Onone";
			};
			name = Debug;
		};
		A5603E1F23ECAE3F0090E90E /* Release */ = {
			isa = XCBuildConfiguration;
			buildSettings = {
				ALWAYS_SEARCH_USER_PATHS = NO;
				CLANG_ANALYZER_NONNULL = YES;
				CLANG_ANALYZER_NUMBER_OBJECT_CONVERSION = YES_AGGRESSIVE;
				CLANG_CXX_LANGUAGE_STANDARD = "gnu++14";
				CLANG_CXX_LIBRARY = "libc++";
				CLANG_ENABLE_MODULES = YES;
				CLANG_ENABLE_OBJC_ARC = YES;
				CLANG_ENABLE_OBJC_WEAK = YES;
				CLANG_WARN_BLOCK_CAPTURE_AUTORELEASING = YES;
				CLANG_WARN_BOOL_CONVERSION = YES;
				CLANG_WARN_COMMA = YES;
				CLANG_WARN_CONSTANT_CONVERSION = YES;
				CLANG_WARN_DEPRECATED_OBJC_IMPLEMENTATIONS = YES;
				CLANG_WARN_DIRECT_OBJC_ISA_USAGE = YES_ERROR;
				CLANG_WARN_DOCUMENTATION_COMMENTS = YES;
				CLANG_WARN_EMPTY_BODY = YES;
				CLANG_WARN_ENUM_CONVERSION = YES;
				CLANG_WARN_INFINITE_RECURSION = YES;
				CLANG_WARN_INT_CONVERSION = YES;
				CLANG_WARN_NON_LITERAL_NULL_CONVERSION = YES;
				CLANG_WARN_OBJC_IMPLICIT_RETAIN_SELF = YES;
				CLANG_WARN_OBJC_LITERAL_CONVERSION = YES;
				CLANG_WARN_OBJC_ROOT_CLASS = YES_ERROR;
				CLANG_WARN_RANGE_LOOP_ANALYSIS = YES;
				CLANG_WARN_STRICT_PROTOTYPES = YES;
				CLANG_WARN_SUSPICIOUS_MOVE = YES;
				CLANG_WARN_UNGUARDED_AVAILABILITY = YES_AGGRESSIVE;
				CLANG_WARN_UNREACHABLE_CODE = YES;
				CLANG_WARN__DUPLICATE_METHOD_MATCH = YES;
				COPY_PHASE_STRIP = NO;
				DEBUG_INFORMATION_FORMAT = "dwarf-with-dsym";
				ENABLE_NS_ASSERTIONS = NO;
				ENABLE_STRICT_OBJC_MSGSEND = YES;
				GCC_C_LANGUAGE_STANDARD = gnu11;
				GCC_NO_COMMON_BLOCKS = YES;
				GCC_WARN_64_TO_32_BIT_CONVERSION = YES;
				GCC_WARN_ABOUT_RETURN_TYPE = YES_ERROR;
				GCC_WARN_UNDECLARED_SELECTOR = YES;
				GCC_WARN_UNINITIALIZED_AUTOS = YES_AGGRESSIVE;
				GCC_WARN_UNUSED_FUNCTION = YES;
				GCC_WARN_UNUSED_VARIABLE = YES;
				IPHONEOS_DEPLOYMENT_TARGET = 13.2;
				MTL_ENABLE_DEBUG_INFO = NO;
				MTL_FAST_MATH = YES;
				SDKROOT = iphoneos;
				SWIFT_COMPILATION_MODE = wholemodule;
				SWIFT_OPTIMIZATION_LEVEL = "-O";
				VALIDATE_PRODUCT = YES;
			};
			name = Release;
		};
		A5603E2123ECAE3F0090E90E /* Debug */ = {
			isa = XCBuildConfiguration;
			buildSettings = {
				ASSETCATALOG_COMPILER_APPICON_NAME = AppIcon;
				CODE_SIGN_STYLE = Automatic;
				INFOPLIST_FILE = TruViewHomePage/Info.plist;
				LD_RUNPATH_SEARCH_PATHS = (
					"$(inherited)",
					"@executable_path/Frameworks",
				);
				PRODUCT_BUNDLE_IDENTIFIER = "Pursuit-Projects.TruViewHomePage";
				PRODUCT_NAME = "$(TARGET_NAME)";
				SWIFT_VERSION = 5.0;
				TARGETED_DEVICE_FAMILY = "1,2";
			};
			name = Debug;
		};
		A5603E2223ECAE3F0090E90E /* Release */ = {
			isa = XCBuildConfiguration;
			buildSettings = {
				ASSETCATALOG_COMPILER_APPICON_NAME = AppIcon;
				CODE_SIGN_STYLE = Automatic;
				INFOPLIST_FILE = TruViewHomePage/Info.plist;
				LD_RUNPATH_SEARCH_PATHS = (
					"$(inherited)",
					"@executable_path/Frameworks",
				);
				PRODUCT_BUNDLE_IDENTIFIER = "Pursuit-Projects.TruViewHomePage";
				PRODUCT_NAME = "$(TARGET_NAME)";
				SWIFT_VERSION = 5.0;
				TARGETED_DEVICE_FAMILY = "1,2";
			};
			name = Release;
		};
		A5603E2423ECAE3F0090E90E /* Debug */ = {
			isa = XCBuildConfiguration;
			buildSettings = {
				ALWAYS_EMBED_SWIFT_STANDARD_LIBRARIES = YES;
				BUNDLE_LOADER = "$(TEST_HOST)";
				CODE_SIGN_STYLE = Automatic;
				INFOPLIST_FILE = TruViewHomePageTests/Info.plist;
				IPHONEOS_DEPLOYMENT_TARGET = 13.2;
				LD_RUNPATH_SEARCH_PATHS = (
					"$(inherited)",
					"@executable_path/Frameworks",
					"@loader_path/Frameworks",
				);
				PRODUCT_BUNDLE_IDENTIFIER = "Pursuit-Projects.TruViewHomePageTests";
				PRODUCT_NAME = "$(TARGET_NAME)";
				SWIFT_VERSION = 5.0;
				TARGETED_DEVICE_FAMILY = "1,2";
				TEST_HOST = "$(BUILT_PRODUCTS_DIR)/TruViewHomePage.app/TruViewHomePage";
			};
			name = Debug;
		};
		A5603E2523ECAE3F0090E90E /* Release */ = {
			isa = XCBuildConfiguration;
			buildSettings = {
				ALWAYS_EMBED_SWIFT_STANDARD_LIBRARIES = YES;
				BUNDLE_LOADER = "$(TEST_HOST)";
				CODE_SIGN_STYLE = Automatic;
				INFOPLIST_FILE = TruViewHomePageTests/Info.plist;
				IPHONEOS_DEPLOYMENT_TARGET = 13.2;
				LD_RUNPATH_SEARCH_PATHS = (
					"$(inherited)",
					"@executable_path/Frameworks",
					"@loader_path/Frameworks",
				);
				PRODUCT_BUNDLE_IDENTIFIER = "Pursuit-Projects.TruViewHomePageTests";
				PRODUCT_NAME = "$(TARGET_NAME)";
				SWIFT_VERSION = 5.0;
				TARGETED_DEVICE_FAMILY = "1,2";
				TEST_HOST = "$(BUILT_PRODUCTS_DIR)/TruViewHomePage.app/TruViewHomePage";
			};
			name = Release;
		};
/* End XCBuildConfiguration section */

/* Begin XCConfigurationList section */
		A5603DF923ECAE3A0090E90E /* Build configuration list for PBXProject "TruViewHomePage" */ = {
			isa = XCConfigurationList;
			buildConfigurations = (
				A5603E1E23ECAE3F0090E90E /* Debug */,
				A5603E1F23ECAE3F0090E90E /* Release */,
			);
			defaultConfigurationIsVisible = 0;
			defaultConfigurationName = Release;
		};
		A5603E2023ECAE3F0090E90E /* Build configuration list for PBXNativeTarget "TruViewHomePage" */ = {
			isa = XCConfigurationList;
			buildConfigurations = (
				A5603E2123ECAE3F0090E90E /* Debug */,
				A5603E2223ECAE3F0090E90E /* Release */,
			);
			defaultConfigurationIsVisible = 0;
			defaultConfigurationName = Release;
		};
		A5603E2323ECAE3F0090E90E /* Build configuration list for PBXNativeTarget "TruViewHomePageTests" */ = {
			isa = XCConfigurationList;
			buildConfigurations = (
				A5603E2423ECAE3F0090E90E /* Debug */,
				A5603E2523ECAE3F0090E90E /* Release */,
			);
			defaultConfigurationIsVisible = 0;
			defaultConfigurationName = Release;
		};
/* End XCConfigurationList section */

/* Begin XCVersionGroup section */
		A5603E0A23ECAE3A0090E90E /* TruViewHomePage.xcdatamodeld */ = {
			isa = XCVersionGroup;
			children = (
				A5603E0B23ECAE3A0090E90E /* TruViewHomePage.xcdatamodel */,
			);
			currentVersion = A5603E0B23ECAE3A0090E90E /* TruViewHomePage.xcdatamodel */;
			path = TruViewHomePage.xcdatamodeld;
			sourceTree = "<group>";
			versionGroupType = wrapper.xcdatamodel;
		};
/* End XCVersionGroup section */
	};
	rootObject = A5603DF623ECAE3A0090E90E /* Project object */;
}
